
Microsoft Visual Studio Solution File, Format Version 12.00
# Visual Studio 2012
Project("{FAE04EC0-301F-11D3-BF4B-00C04F79EFBC}") = "WX.WFA.Main", "Integration\WX.WFA.Main\WX.WFA.Main.csproj", "{12FECF41-2B92-49EF-83FA-4C5251686A2A}"
EndProject
Project("{2150E333-8FDC-42A3-9474-1A3956D46DE8}") = "Integration", "Integration", "{332491BE-8038-45A0-843B-AC8697EF4B62}"
EndProject
Project("{2150E333-8FDC-42A3-9474-1A3956D46DE8}") = "Base", "Base", "{45C18389-66AC-45FF-AB38-3C2E1BC99110}"
EndProject
Project("{2150E333-8FDC-42A3-9474-1A3956D46DE8}") = "Business", "Business", "{8BADBBC7-4236-4D01-BF67-7A0DA6D2D71B}"
EndProject
Project("{2150E333-8FDC-42A3-9474-1A3956D46DE8}") = "Frame", "Frame", "{02015DDA-2323-49F1-9426-9686A44FCE2F}"
EndProject
Project("{FAE04EC0-301F-11D3-BF4B-00C04F79EFBC}") = "WX.WFA.ClientHelper", "Base\WX.WFA.ClientHelper\WX.WFA.ClientHelper.csproj", "{411BA4D0-30E4-4DE0-8FC3-C345B092E028}"
EndProject
Project("{FAE04EC0-301F-11D3-BF4B-00C04F79EFBC}") = "WX.WFA.Common", "Base\WX.WFA.Common\WX.WFA.Common.csproj", "{F118E150-D568-4E05-87D9-4EF3B53D3154}"
EndProject
Project("{FAE04EC0-301F-11D3-BF4B-00C04F79EFBC}") = "WX.WFA.GGXZ", "Business\WX.WFA.GGXZ\WX.WFA.GGXZ.csproj", "{7C35D6BB-A4ED-4FF2-AD5C-45325DABFA0E}"
EndProject
Project("{FAE04EC0-301F-11D3-BF4B-00C04F79EFBC}") = "WX.WFA.CZYGL", "Business\WX.WFA.CZYGL\WX.WFA.CZYGL.csproj", "{D58C9023-D48C-4151-9021-45C70308A20A}"
EndProject
Project("{FAE04EC0-301F-11D3-BF4B-00C04F79EFBC}") = "WX.WFA.LSSLGL", "Business\WX.WFA.LSSLGL\WX.WFA.LSSLGL.csproj", "{E5D74AE0-45E8-4C76-872F-9291F515BE73}"
EndProject
Project("{FAE04EC0-301F-11D3-BF4B-00C04F79EFBC}") = "WX.WFA.RZGL", "Business\WX.WFA.RZGL\WX.WFA.RZGL.csproj", "{FBE9C0B4-8D39-457B-A45C-BAB892D831E1}"
EndProject
Project("{FAE04EC0-301F-11D3-BF4B-00C04F79EFBC}") = "WX.WFA.SLGL", "Business\WX.WFA.SLGL\WX.WFA.SLGL.csproj", "{13AE11CF-1595-430D-91D4-5720BA1DE3AA}"
EndProject
Project("{FAE04EC0-301F-11D3-BF4B-00C04F79EFBC}") = "WX.WFA.YXTJ", "Business\WX.WFA.YXTJ\WX.WFA.YXTJ.csproj", "{80312D45-4F09-4029-BDEF-7F1ABE4222E4}"
EndProject
Project("{FAE04EC0-301F-11D3-BF4B-00C04F79EFBC}") = "WX.WFA.MainFrame", "Frame\WX.WFA.MainFrame\WX.WFA.MainFrame.csproj", "{F729DCA7-6838-47D5-A472-9A0D048FE1D5}"
EndProject
Project("{FAE04EC0-301F-11D3-BF4B-00C04F79EFBC}") = "WX.WFA.Resource", "Base\WX.WFA.Resource\WX.WFA.Resource.csproj", "{7F68338A-0493-4228-901E-420B8E0237A9}"
EndProject
Project("{FAE04EC0-301F-11D3-BF4B-00C04F79EFBC}") = "WX.WFA.Controls", "Base\WX.WFA.Controls\WX.WFA.Controls.csproj", "{373697A3-6EC6-4B2F-A51D-5FBBBBD44C71}"
EndProject
Project("{FAE04EC0-301F-11D3-BF4B-00C04F79EFBC}") = "WX.WFA.ViewModel", "Base\WX.WFA.ViewModel\WX.WFA.ViewModel.csproj", "{52DB5DDE-CF8B-4C4B-8197-E9000B10CC7F}"
EndProject
Project("{FAE04EC0-301F-11D3-BF4B-00C04F79EFBC}") = "WX.WFA.ViewCommon", "Base\WX.WFA.ViewCommon\WX.WFA.ViewCommon.csproj", "{C44739A0-AAA9-416E-90F7-B28B41C484D2}"
EndProject
Project("{FAE04EC0-301F-11D3-BF4B-00C04F79EFBC}") = "WX.WFA.ISOAClient", "Base\WX.WFA.ISOAClient\WX.WFA.ISOAClient.csproj", "{B53516AE-80F8-4971-BE0A-F251C3266617}"
EndProject
Project("{2150E333-8FDC-42A3-9474-1A3956D46DE8}") = "DataModel", "DataModel", "{6514A481-4B31-43C7-973A-DB4643DE3171}"
EndProject
Project("{FAE04EC0-301F-11D3-BF4B-00C04F79EFBC}") = "WX.WFA.VO", "DataModel\WX.WFA.VO\WX.WFA.VO.csproj", "{0F7A6EAA-FED6-43BC-BF9E-42AD7DB46439}"
EndProject
Project("{FAE04EC0-301F-11D3-BF4B-00C04F79EFBC}") = "WX.WFA.CZYGL.Demo", "Business\WX.WFA.CZYGL.Demo\WX.WFA.CZYGL.Demo.csproj", "{693F73C3-3909-48F9-AD7E-D30A7FCDFE68}"
EndProject
Project("{FAE04EC0-301F-11D3-BF4B-00C04F79EFBC}") = "WX.WFA.ServiceContract", "Business\WX.WFA.ServiceContract\WX.WFA.ServiceContract.csproj", "{0996F613-32F1-4DFB-839A-64BBD1035AB1}"
EndProject
Project("{FAE04EC0-301F-11D3-BF4B-00C04F79EFBC}") = "WX.WFA.DataModelBase", "Base\WX.WFA.DataModelBase\WX.WFA.DataModelBase.csproj", "{2C424CBF-3999-4F4E-BACB-0F4270548798}"
EndProject
Project("{FAE04EC0-301F-11D3-BF4B-00C04F79EFBC}") = "WX.WFA.ServiceChannel", "Business\WX.WFA.ServiceChannel\WX.WFA.ServiceChannel.csproj", "{C076723D-0DB5-4F33-8408-65F51BF7948A}"
EndProject
Project("{FAE04EC0-301F-11D3-BF4B-00C04F79EFBC}") = "WX.WFA.JSGN", "Business\WX.WFA.JSGN\WX.WFA.JSGN.csproj", "{DE17F795-ED86-4E81-BA3D-4521721F8DAD}"
EndProject
Project("{FAE04EC0-301F-11D3-BF4B-00C04F79EFBC}") = "WX.WFA.CZYJS", "Business\WX.WFA.CZYJS\WX.WFA.CZYJS.csproj", "{74644B90-B1AC-4A8B-AFD1-92A335EC73C3}"
EndProject
Project("{FAE04EC0-301F-11D3-BF4B-00C04F79EFBC}") = "WX.WFA.LCDYGL", "Business\WX.WFA.LCDYGL\WX.WFA.LCDYGL.csproj", "{BEC5CE91-0EE0-4181-8C66-1B06DE94AA45}"
EndProject
Project("{FAE04EC0-301F-11D3-BF4B-00C04F79EFBC}") = "WX.WFA.CZYQX", "Business\WX.WFA.CZYQX\WX.WFA.CZYQX.csproj", "{18477D3B-318B-45A9-9856-C29DB30D41FC}"
EndProject
Project("{FAE04EC0-301F-11D3-BF4B-00C04F79EFBC}") = "WX.WFA.TempData", "Business\WX.WFA.TempData\WX.WFA.TempData.csproj", "{264B6D71-0F24-4785-B242-C3DEF3D47A7E}"
EndProject
Global
	GlobalSection(SubversionScc) = preSolution
		Svn-Managed = True
		Manager = AnkhSVN - Subversion Support for Visual Studio
	EndGlobalSection
	GlobalSection(SolutionConfigurationPlatforms) = preSolution
		Debug|Any CPU = Debug|Any CPU
		Release|Any CPU = Release|Any CPU
	EndGlobalSection
	GlobalSection(ProjectConfigurationPlatforms) = postSolution
		{12FECF41-2B92-49EF-83FA-4C5251686A2A}.Debug|Any CPU.ActiveCfg = Debug|Any CPU
		{12FECF41-2B92-49EF-83FA-4C5251686A2A}.Release|Any CPU.ActiveCfg = Release|Any CPU
		{12FECF41-2B92-49EF-83FA-4C5251686A2A}.Release|Any CPU.Build.0 = Release|Any CPU
		{411BA4D0-30E4-4DE0-8FC3-C345B092E028}.Debug|Any CPU.ActiveCfg = Debug|Any CPU
		{411BA4D0-30E4-4DE0-8FC3-C345B092E028}.Release|Any CPU.ActiveCfg = Release|Any CPU
		{411BA4D0-30E4-4DE0-8FC3-C345B092E028}.Release|Any CPU.Build.0 = Release|Any CPU
		{F118E150-D568-4E05-87D9-4EF3B53D3154}.Debug|Any CPU.ActiveCfg = Debug|Any CPU
		{F118E150-D568-4E05-87D9-4EF3B53D3154}.Release|Any CPU.ActiveCfg = Release|Any CPU
		{F118E150-D568-4E05-87D9-4EF3B53D3154}.Release|Any CPU.Build.0 = Release|Any CPU
		{7C35D6BB-A4ED-4FF2-AD5C-45325DABFA0E}.Debug|Any CPU.ActiveCfg = Debug|Any CPU
		{7C35D6BB-A4ED-4FF2-AD5C-45325DABFA0E}.Release|Any CPU.ActiveCfg = Release|Any CPU
		{7C35D6BB-A4ED-4FF2-AD5C-45325DABFA0E}.Release|Any CPU.Build.0 = Release|Any CPU
		{D58C9023-D48C-4151-9021-45C70308A20A}.Debug|Any CPU.ActiveCfg = Debug|Any CPU
		{D58C9023-D48C-4151-9021-45C70308A20A}.Release|Any CPU.ActiveCfg = Release|Any CPU
		{D58C9023-D48C-4151-9021-45C70308A20A}.Release|Any CPU.Build.0 = Release|Any CPU
		{E5D74AE0-45E8-4C76-872F-9291F515BE73}.Debug|Any CPU.ActiveCfg = Debug|Any CPU
		{E5D74AE0-45E8-4C76-872F-9291F515BE73}.Release|Any CPU.ActiveCfg = Release|Any CPU
		{E5D74AE0-45E8-4C76-872F-9291F515BE73}.Release|Any CPU.Build.0 = Release|Any CPU
		{FBE9C0B4-8D39-457B-A45C-BAB892D831E1}.Debug|Any CPU.ActiveCfg = Debug|Any CPU
		{FBE9C0B4-8D39-457B-A45C-BAB892D831E1}.Release|Any CPU.ActiveCfg = Release|Any CPU
		{FBE9C0B4-8D39-457B-A45C-BAB892D831E1}.Release|Any CPU.Build.0 = Release|Any CPU
		{13AE11CF-1595-430D-91D4-5720BA1DE3AA}.Debug|Any CPU.ActiveCfg = Debug|Any CPU
		{13AE11CF-1595-430D-91D4-5720BA1DE3AA}.Release|Any CPU.ActiveCfg = Release|Any CPU
		{13AE11CF-1595-430D-91D4-5720BA1DE3AA}.Release|Any CPU.Build.0 = Release|Any CPU
		{80312D45-4F09-4029-BDEF-7F1ABE4222E4}.Debug|Any CPU.ActiveCfg = Debug|Any CPU
		{80312D45-4F09-4029-BDEF-7F1ABE4222E4}.Release|Any CPU.ActiveCfg = Release|Any CPU
		{80312D45-4F09-4029-BDEF-7F1ABE4222E4}.Release|Any CPU.Build.0 = Release|Any CPU
		{F729DCA7-6838-47D5-A472-9A0D048FE1D5}.Debug|Any CPU.ActiveCfg = Debug|Any CPU
		{F729DCA7-6838-47D5-A472-9A0D048FE1D5}.Release|Any CPU.ActiveCfg = Release|Any CPU
		{F729DCA7-6838-47D5-A472-9A0D048FE1D5}.Release|Any CPU.Build.0 = Release|Any CPU
		{7F68338A-0493-4228-901E-420B8E0237A9}.Debug|Any CPU.ActiveCfg = Debug|Any CPU
		{7F68338A-0493-4228-901E-420B8E0237A9}.Release|Any CPU.ActiveCfg = Release|Any CPU
		{7F68338A-0493-4228-901E-420B8E0237A9}.Release|Any CPU.Build.0 = Release|Any CPU
		{373697A3-6EC6-4B2F-A51D-5FBBBBD44C71}.Debug|Any CPU.ActiveCfg = Debug|Any CPU
		{373697A3-6EC6-4B2F-A51D-5FBBBBD44C71}.Release|Any CPU.ActiveCfg = Release|Any CPU
		{373697A3-6EC6-4B2F-A51D-5FBBBBD44C71}.Release|Any CPU.Build.0 = Release|Any CPU
		{52DB5DDE-CF8B-4C4B-8197-E9000B10CC7F}.Debug|Any CPU.ActiveCfg = Debug|Any CPU
		{52DB5DDE-CF8B-4C4B-8197-E9000B10CC7F}.Release|Any CPU.ActiveCfg = Release|Any CPU
		{52DB5DDE-CF8B-4C4B-8197-E9000B10CC7F}.Release|Any CPU.Build.0 = Release|Any CPU
		{C44739A0-AAA9-416E-90F7-B28B41C484D2}.Debug|Any CPU.ActiveCfg = Debug|Any CPU
		{C44739A0-AAA9-416E-90F7-B28B41C484D2}.Release|Any CPU.ActiveCfg = Release|Any CPU
		{C44739A0-AAA9-416E-90F7-B28B41C484D2}.Release|Any CPU.Build.0 = Release|Any CPU
		{B53516AE-80F8-4971-BE0A-F251C3266617}.Debug|Any CPU.ActiveCfg = Debug|Any CPU
		{B53516AE-80F8-4971-BE0A-F251C3266617}.Release|Any CPU.ActiveCfg = Release|Any CPU
		{B53516AE-80F8-4971-BE0A-F251C3266617}.Release|Any CPU.Build.0 = Release|Any CPU
		{0F7A6EAA-FED6-43BC-BF9E-42AD7DB46439}.Debug|Any CPU.ActiveCfg = Debug|Any CPU
		{0F7A6EAA-FED6-43BC-BF9E-42AD7DB46439}.Release|Any CPU.ActiveCfg = Release|Any CPU
		{0F7A6EAA-FED6-43BC-BF9E-42AD7DB46439}.Release|Any CPU.Build.0 = Release|Any CPU
		{693F73C3-3909-48F9-AD7E-D30A7FCDFE68}.Debug|Any CPU.ActiveCfg = Debug|Any CPU
		{693F73C3-3909-48F9-AD7E-D30A7FCDFE68}.Release|Any CPU.ActiveCfg = Release|Any CPU
		{693F73C3-3909-48F9-AD7E-D30A7FCDFE68}.Release|Any CPU.Build.0 = Release|Any CPU
		{0996F613-32F1-4DFB-839A-64BBD1035AB1}.Debug|Any CPU.ActiveCfg = Debug|Any CPU
		{0996F613-32F1-4DFB-839A-64BBD1035AB1}.Release|Any CPU.ActiveCfg = Release|Any CPU
		{0996F613-32F1-4DFB-839A-64BBD1035AB1}.Release|Any CPU.Build.0 = Release|Any CPU
		{2C424CBF-3999-4F4E-BACB-0F4270548798}.Debug|Any CPU.ActiveCfg = Debug|Any CPU
		{2C424CBF-3999-4F4E-BACB-0F4270548798}.Release|Any CPU.ActiveCfg = Release|Any CPU
		{2C424CBF-3999-4F4E-BACB-0F4270548798}.Release|Any CPU.Build.0 = Release|Any CPU
		{C076723D-0DB5-4F33-8408-65F51BF7948A}.Debug|Any CPU.ActiveCfg = Debug|Any CPU
		{C076723D-0DB5-4F33-8408-65F51BF7948A}.Release|Any CPU.ActiveCfg = Release|Any CPU
		{C076723D-0DB5-4F33-8408-65F51BF7948A}.Release|Any CPU.Build.0 = Release|Any CPU
		{DE17F795-ED86-4E81-BA3D-4521721F8DAD}.Debug|Any CPU.ActiveCfg = Debug|Any CPU
		{DE17F795-ED86-4E81-BA3D-4521721F8DAD}.Release|Any CPU.ActiveCfg = Release|Any CPU
		{DE17F795-ED86-4E81-BA3D-4521721F8DAD}.Release|Any CPU.Build.0 = Release|Any CPU
		{74644B90-B1AC-4A8B-AFD1-92A335EC73C3}.Debug|Any CPU.ActiveCfg = Debug|Any CPU
		{74644B90-B1AC-4A8B-AFD1-92A335EC73C3}.Release|Any CPU.ActiveCfg = Release|Any CPU
		{74644B90-B1AC-4A8B-AFD1-92A335EC73C3}.Release|Any CPU.Build.0 = Release|Any CPU
		{BEC5CE91-0EE0-4181-8C66-1B06DE94AA45}.Debug|Any CPU.ActiveCfg = Debug|Any CPU
		{BEC5CE91-0EE0-4181-8C66-1B06DE94AA45}.Release|Any CPU.ActiveCfg = Release|Any CPU
		{BEC5CE91-0EE0-4181-8C66-1B06DE94AA45}.Release|Any CPU.Build.0 = Release|Any CPU
		{18477D3B-318B-45A9-9856-C29DB30D41FC}.Debug|Any CPU.ActiveCfg = Debug|Any CPU
		{18477D3B-318B-45A9-9856-C29DB30D41FC}.Release|Any CPU.ActiveCfg = Release|Any CPU
		{18477D3B-318B-45A9-9856-C29DB30D41FC}.Release|Any CPU.Build.0 = Release|Any CPU
		{264B6D71-0F24-4785-B242-C3DEF3D47A7E}.Debug|Any CPU.ActiveCfg = Debug|Any CPU
		{264B6D71-0F24-4785-B242-C3DEF3D47A7E}.Release|Any CPU.ActiveCfg = Release|Any CPU
		{264B6D71-0F24-4785-B242-C3DEF3D47A7E}.Release|Any CPU.Build.0 = Release|Any CPU
	EndGlobalSection
	GlobalSection(SolutionProperties) = preSolution
		HideSolutionNode = FALSE
	EndGlobalSection
	GlobalSection(NestedProjects) = preSolution
		{12FECF41-2B92-49EF-83FA-4C5251686A2A} = {332491BE-8038-45A0-843B-AC8697EF4B62}
		{411BA4D0-30E4-4DE0-8FC3-C345B092E028} = {45C18389-66AC-45FF-AB38-3C2E1BC99110}
		{F118E150-D568-4E05-87D9-4EF3B53D3154} = {45C18389-66AC-45FF-AB38-3C2E1BC99110}
		{7F68338A-0493-4228-901E-420B8E0237A9} = {45C18389-66AC-45FF-AB38-3C2E1BC99110}
		{373697A3-6EC6-4B2F-A51D-5FBBBBD44C71} = {45C18389-66AC-45FF-AB38-3C2E1BC99110}
		{52DB5DDE-CF8B-4C4B-8197-E9000B10CC7F} = {45C18389-66AC-45FF-AB38-3C2E1BC99110}
		{C44739A0-AAA9-416E-90F7-B28B41C484D2} = {45C18389-66AC-45FF-AB38-3C2E1BC99110}
		{B53516AE-80F8-4971-BE0A-F251C3266617} = {45C18389-66AC-45FF-AB38-3C2E1BC99110}
		{2C424CBF-3999-4F4E-BACB-0F4270548798} = {45C18389-66AC-45FF-AB38-3C2E1BC99110}
		{7C35D6BB-A4ED-4FF2-AD5C-45325DABFA0E} = {8BADBBC7-4236-4D01-BF67-7A0DA6D2D71B}
		{D58C9023-D48C-4151-9021-45C70308A20A} = {8BADBBC7-4236-4D01-BF67-7A0DA6D2D71B}
		{E5D74AE0-45E8-4C76-872F-9291F515BE73} = {8BADBBC7-4236-4D01-BF67-7A0DA6D2D71B}
		{FBE9C0B4-8D39-457B-A45C-BAB892D831E1} = {8BADBBC7-4236-4D01-BF67-7A0DA6D2D71B}
		{13AE11CF-1595-430D-91D4-5720BA1DE3AA} = {8BADBBC7-4236-4D01-BF67-7A0DA6D2D71B}
		{80312D45-4F09-4029-BDEF-7F1ABE4222E4} = {8BADBBC7-4236-4D01-BF67-7A0DA6D2D71B}
		{693F73C3-3909-48F9-AD7E-D30A7FCDFE68} = {8BADBBC7-4236-4D01-BF67-7A0DA6D2D71B}
		{0996F613-32F1-4DFB-839A-64BBD1035AB1} = {8BADBBC7-4236-4D01-BF67-7A0DA6D2D71B}
		{C076723D-0DB5-4F33-8408-65F51BF7948A} = {8BADBBC7-4236-4D01-BF67-7A0DA6D2D71B}
		{DE17F795-ED86-4E81-BA3D-4521721F8DAD} = {8BADBBC7-4236-4D01-BF67-7A0DA6D2D71B}
		{74644B90-B1AC-4A8B-AFD1-92A335EC73C3} = {8BADBBC7-4236-4D01-BF67-7A0DA6D2D71B}
		{BEC5CE91-0EE0-4181-8C66-1B06DE94AA45} = {8BADBBC7-4236-4D01-BF67-7A0DA6D2D71B}
		{18477D3B-318B-45A9-9856-C29DB30D41FC} = {8BADBBC7-4236-4D01-BF67-7A0DA6D2D71B}
		{F729DCA7-6838-47D5-A472-9A0D048FE1D5} = {02015DDA-2323-49F1-9426-9686A44FCE2F}
		{0F7A6EAA-FED6-43BC-BF9E-42AD7DB46439} = {6514A481-4B31-43C7-973A-DB4643DE3171}
	EndGlobalSection
EndGlobal
